<?xml version="1.0" encoding="utf-8"?>
<Project ToolsVersion="4.0" xmlns="http://schemas.microsoft.com/developer/msbuild/2003">
  <ItemGroup>
    <Filter Include="Source Files">
      <UniqueIdentifier>{4FC737F1-C7A5-4376-A066-2A32D752A2FF}</UniqueIdentifier>
      <Extensions>cpp;c;cc;cxx;def;odl;idl;hpj;bat;asm;asmx</Extensions>
    </Filter>
    <Filter Include="Header Files">
      <UniqueIdentifier>{93995380-89BD-4b04-88EB-625FBE52EBFB}</UniqueIdentifier>
      <Extensions>h;hh;hpp;hxx;hm;inl;inc;ipp;xsd</Extensions>
    </Filter>
    <Filter Include="Resource Files">
      <UniqueIdentifier>{67DA6AB6-F800-4c08-8B7A-83BB121AAD01}</UniqueIdentifier>
      <Extensions>rc;ico;cur;bmp;dlg;rc2;rct;bin;rgs;gif;jpg;jpeg;jpe;resx;tiff;tif;png;wav;mfcribbon-ms</Extensions>
    </Filter>
    <Filter Include="Source Files\Aufgabe01_Loops">
      <UniqueIdentifier>{1dabe074-8236-4d9a-a198-f912ea739af0}</UniqueIdentifier>
    </Filter>
    <Filter Include="Source Files\Aufgabe02_ADTStack">
      <UniqueIdentifier>{b4a8f1b1-7a79-49fe-a297-32b79a50eb6d}</UniqueIdentifier>
    </Filter>
  </ItemGroup>
  <ItemGroup>
    <ClInclude Include="01_ArrayArray.h">
      <Filter>Header Files</Filter>
    </ClInclude>
    <ClInclude Include="stack.h">
      <Filter>Source Files\Aufgabe02_ADTStack</Filter>
    </ClInclude>
  </ItemGroup>
  <ItemGroup>
    <ClCompile Include="01_ArrayArray.c">
      <Filter>Source Files\Aufgabe01_Loops</Filter>
    </ClCompile>
    <ClCompile Include="main.c">
      <Filter>Source Files\Aufgabe02_ADTStack</Filter>
    </ClCompile>
    <ClCompile Include="stack.c">
      <Filter>Source Files\Aufgabe02_ADTStack</Filter>
    </ClCompile>
  </ItemGroup>
</Project>